
Microsoft Visual Studio Solution File, Format Version 12.00
# Visual Studio Version 16
VisualStudioVersion = 16.0.30717.126
MinimumVisualStudioVersion = 10.0.40219.1
Project("{8BC9CEB8-8B4A-11D0-8D11-00A0C91BC942}") = "mpi_lab1", "mpi_lab1\mpi_lab1.vcxproj", "{15FE0065-FAE7-4919-ACFC-C74E715408A2}"
EndProject
Project("{8BC9CEB8-8B4A-11D0-8D11-00A0C91BC942}") = "nompi", "nompi\nompi.vcxproj", "{52156959-353E-43AC-B0FA-7C28010BA2DA}"
EndProject
Global
	GlobalSection(SolutionConfigurationPlatforms) = preSolution
		Debug|x64 = Debug|x64
		Debug|x86 = Debug|x86
		Release|x64 = Release|x64
		Release|x86 = Release|x86
	EndGlobalSection
	GlobalSection(ProjectConfigurationPlatforms) = postSolution
		{15FE0065-FAE7-4919-ACFC-C74E715408A2}.Debug|x64.ActiveCfg = Debug|x64
		{15FE0065-FAE7-4919-ACFC-C74E715408A2}.Debug|x64.Build.0 = Debug|x64
		{15FE0065-FAE7-4919-ACFC-C74E715408A2}.Debug|x86.ActiveCfg = Debug|Win32
		{15FE0065-FAE7-4919-ACFC-C74E715408A2}.Debug|x86.Build.0 = Debug|Win32
		{15FE0065-FAE7-4919-ACFC-C74E715408A2}.Release|x64.ActiveCfg = Release|x64
		{15FE0065-FAE7-4919-ACFC-C74E715408A2}.Release|x64.Build.0 = Release|x64
		{15FE0065-FAE7-4919-ACFC-C74E715408A2}.Release|x86.ActiveCfg = Release|Win32
		{15FE0065-FAE7-4919-ACFC-C74E715408A2}.Release|x86.Build.0 = Release|Win32
		{52156959-353E-43AC-B0FA-7C28010BA2DA}.Debug|x64.ActiveCfg = Debug|x64
		{52156959-353E-43AC-B0FA-7C28010BA2DA}.Debug|x64.Build.0 = Debug|x64
		{52156959-353E-43AC-B0FA-7C28010BA2DA}.Debug|x86.ActiveCfg = Debug|Win32
		{52156959-353E-43AC-B0FA-7C28010BA2DA}.Debug|x86.Build.0 = Debug|Win32
		{52156959-353E-43AC-B0FA-7C28010BA2DA}.Release|x64.ActiveCfg = Release|x64
		{52156959-353E-43AC-B0FA-7C28010BA2DA}.Release|x64.Build.0 = Release|x64
		{52156959-353E-43AC-B0FA-7C28010BA2DA}.Release|x86.ActiveCfg = Release|Win32
		{52156959-353E-43AC-B0FA-7C28010BA2DA}.Release|x86.Build.0 = Release|Win32
	EndGlobalSection
	GlobalSection(SolutionProperties) = preSolution
		HideSolutionNode = FALSE
	EndGlobalSection
	GlobalSection(ExtensibilityGlobals) = postSolution
		SolutionGuid = {C418F81B-57EE-4D4D-B0B5-4F10CEDFD9F1}
	EndGlobalSection
EndGlobal
